// !$*UTF8*$!
{
	archiveVersion = 1;
	classes = {
	};
	objectVersion = 48;
	objects = {

/* Begin PBXBuildFile section */
		935F6A3D2069EB2D007EEE4D /* AppDelegate.m in Sources */ = {isa = PBXBuildFile; fileRef = 935F6A3C2069EB2D007EEE4D /* AppDelegate.m */; };
		935F6A402069EB2D007EEE4D /* ViewController.m in Sources */ = {isa = PBXBuildFile; fileRef = 935F6A3F2069EB2D007EEE4D /* ViewController.m */; };
		935F6A432069EB2D007EEE4D /* Main.storyboard in Resources */ = {isa = PBXBuildFile; fileRef = 935F6A412069EB2D007EEE4D /* Main.storyboard */; };
		935F6A452069EB2D007EEE4D /* Assets.xcassets in Resources */ = {isa = PBXBuildFile; fileRef = 935F6A442069EB2D007EEE4D /* Assets.xcassets */; };
		935F6A482069EB2D007EEE4D /* LaunchScreen.storyboard in Resources */ = {isa = PBXBuildFile; fileRef = 935F6A462069EB2D007EEE4D /* LaunchScreen.storyboard */; };
		935F6A4B2069EB2D007EEE4D /* main.m in Sources */ = {isa = PBXBuildFile; fileRef = 935F6A4A2069EB2D007EEE4D /* main.m */; };
		935F6A5A206A127C007EEE4D /* SceneKit.framework in Frameworks */ = {isa = PBXBuildFile; fileRef = 935F6A59206A127C007EEE4D /* SceneKit.framework */; };
		935F6A5C206A193B007EEE4D /* 今生今世遥不可及.mp3 in Resources */ = {isa = PBXBuildFile; fileRef = 935F6A5B206A193B007EEE4D /* 今生今世遥不可及.mp3 */; };
		935F6A5F206A214A007EEE4D /* WTMusicPlayNode.m in Sources */ = {isa = PBXBuildFile; fileRef = 935F6A5E206A214A007EEE4D /* WTMusicPlayNode.m */; };
/* End PBXBuildFile section */

/* Begin PBXFileReference section */
		935F6A382069EB2D007EEE4D /* SceneKitStudyOne.app */ = {isa = PBXFileReference; explicitFileType = wrapper.application; includeInIndex = 0; path = SceneKitStudyOne.app; sourceTree = BUILT_PRODUCTS_DIR; };
		935F6A3B2069EB2D007EEE4D /* AppDelegate.h */ = {isa = PBXFileReference; lastKnownFileType = sourcecode.c.h; path = AppDelegate.h; sourceTree = "<group>"; };
		935F6A3C2069EB2D007EEE4D /* AppDelegate.m */ = {isa = PBXFileReference; lastKnownFileType = sourcecode.c.objc; path = AppDelegate.m; sourceTree = "<group>"; };
		935F6A3E2069EB2D007EEE4D /* ViewController.h */ = {isa = PBXFileReference; lastKnownFileType = sourcecode.c.h; path = ViewController.h; sourceTree = "<group>"; };
		935F6A3F2069EB2D007EEE4D /* ViewController.m */ = {isa = PBXFileReference; lastKnownFileType = sourcecode.c.objc; path = ViewController.m; sourceTree = "<group>"; };
		935F6A422069EB2D007EEE4D /* Base */ = {isa = PBXFileReference; lastKnownFileType = file.storyboard; name = Base; path = Base.lproj/Main.storyboard; sourceTree = "<group>"; };
		935F6A442069EB2D007EEE4D /* Assets.xcassets */ = {isa = PBXFileReference; lastKnownFileType = folder.assetcatalog; path = Assets.xcassets; sourceTree = "<group>"; };
		935F6A472069EB2D007EEE4D /* Base */ = {isa = PBXFileReference; lastKnownFileType = file.storyboard; name = Base; path = Base.lproj/LaunchScreen.storyboard; sourceTree = "<group>"; };
		935F6A492069EB2D007EEE4D /* Info.plist */ = {isa = PBXFileReference; lastKnownFileType = text.plist.xml; path = Info.plist; sourceTree = "<group>"; };
		935F6A4A2069EB2D007EEE4D /* main.m */ = {isa = PBXFileReference; lastKnownFileType = sourcecode.c.objc; path = main.m; sourceTree = "<group>"; };
		935F6A59206A127C007EEE4D /* SceneKit.framework */ = {isa = PBXFileReference; lastKnownFileType = wrapper.framework; name = SceneKit.framework; path = System/Library/Frameworks/SceneKit.framework; sourceTree = SDKROOT; };
		935F6A5B206A193B007EEE4D /* 今生今世遥不可及.mp3 */ = {isa = PBXFileReference; lastKnownFileType = audio.mp3; path = "今生今世遥不可及.mp3"; sourceTree = "<group>"; };
		935F6A5D206A214A007EEE4D /* WTMusicPlayNode.h */ = {isa = PBXFileReference; lastKnownFileType = sourcecode.c.h; path = WTMusicPlayNode.h; sourceTree = "<group>"; };
		935F6A5E206A214A007EEE4D /* WTMusicPlayNode.m */ = {isa = PBXFileReference; lastKnownFileType = sourcecode.c.objc; path = WTMusicPlayNode.m; sourceTree = "<group>"; };
/* End PBXFileReference section */

/* Begin PBXFrameworksBuildPhase section */
		935F6A352069EB2D007EEE4D /* Frameworks */ = {
			isa = PBXFrameworksBuildPhase;
			buildActionMask = 2147483647;
			files = (
				935F6A5A206A127C007EEE4D /* SceneKit.framework in Frameworks */,
			);
			runOnlyForDeploymentPostprocessing = 0;
		};
/* End PBXFrameworksBuildPhase section */

/* Begin PBXGroup section */
		935F6A2F2069EB2D007EEE4D = {
			isa = PBXGroup;
			children = (
				935F6A3A2069EB2D007EEE4D /* SceneKitStudyOne */,
				935F6A392069EB2D007EEE4D /* Products */,
				935F6A58206A127C007EEE4D /* Frameworks */,
			);
			sourceTree = "<group>";
		};
		935F6A392069EB2D007EEE4D /* Products */ = {
			isa = PBXGroup;
			children = (
				935F6A382069EB2D007EEE4D /* SceneKitStudyOne.app */,
			);
			name = Products;
			sourceTree = "<group>";
		};
		935F6A3A2069EB2D007EEE4D /* SceneKitStudyOne */ = {
			isa = PBXGroup;
			children = (
				935F6A5B206A193B007EEE4D /* 今生今世遥不可及.mp3 */,
				935F6A3B2069EB2D007EEE4D /* AppDelegate.h */,
				935F6A3C2069EB2D007EEE4D /* AppDelegate.m */,
				935F6A3E2069EB2D007EEE4D /* ViewController.h */,
				935F6A3F2069EB2D007EEE4D /* ViewController.m */,
				935F6A5D206A214A007EEE4D /* WTMusicPlayNode.h */,
				935F6A5E206A214A007EEE4D /* WTMusicPlayNode.m */,
				935F6A412069EB2D007EEE4D /* Main.storyboard */,
				935F6A442069EB2D007EEE4D /* Assets.xcassets */,
				935F6A462069EB2D007EEE4D /* LaunchScreen.storyboard */,
				935F6A492069EB2D007EEE4D /* Info.plist */,
				935F6A4A2069EB2D007EEE4D /* main.m */,
			);
			path = SceneKitStudyOne;
			sourceTree = "<group>";
		};
		935F6A58206A127C007EEE4D /* Frameworks */ = {
			isa = PBXGroup;
			children = (
				935F6A59206A127C007EEE4D /* SceneKit.framework */,
			);
			name = Frameworks;
			sourceTree = "<group>";
		};
/* End PBXGroup section */

/* Begin PBXNativeTarget section */
		935F6A372069EB2D007EEE4D /* SceneKitStudyOne */ = {
			isa = PBXNativeTarget;
			buildConfigurationList = 935F6A4E2069EB2D007EEE4D /* Build configuration list for PBXNativeTarget "SceneKitStudyOne" */;
			buildPhases = (
				935F6A342069EB2D007EEE4D /* Sources */,
				935F6A352069EB2D007EEE4D /* Frameworks */,
				935F6A362069EB2D007EEE4D /* Resources */,
			);
			buildRules = (
			);
			dependencies = (
			);
			name = SceneKitStudyOne;
			productName = SceneKitStudyOne;
			productReference = 935F6A382069EB2D007EEE4D /* SceneKitStudyOne.app */;
			productType = "com.apple.product-type.application";
		};
/* End PBXNativeTarget section */

/* Begin PBXProject section */
		935F6A302069EB2D007EEE4D /* Project object */ = {
			isa = PBXProject;
			attributes = {
				LastUpgradeCheck = 0920;
				ORGANIZATIONNAME = "王涛";
				TargetAttributes = {
					935F6A372069EB2D007EEE4D = {
						CreatedOnToolsVersion = 9.2;
						ProvisioningStyle = Manual;
					};
				};
			};
			buildConfigurationList = 935F6A332069EB2D007EEE4D /* Build configuration list for PBXProject "SceneKitStudyOne" */;
			compatibilityVersion = "Xcode 8.0";
			developmentRegion = en;
			hasScannedForEncodings = 0;
			knownRegions = (
				en,
				Base,
			);
			mainGroup = 935F6A2F2069EB2D007EEE4D;
			productRefGroup = 935F6A392069EB2D007EEE4D /* Products */;
			projectDirPath = "";
			projectRoot = "";
			targets = (
				935F6A372069EB2D007EEE4D /* SceneKitStudyOne */,
			);
		};
/* End PBXProject section */

/* Begin PBXResourcesBuildPhase section */
		935F6A362069EB2D007EEE4D /* Resources */ = {
			isa = PBXResourcesBuildPhase;
			buildActionMask = 2147483647;
			files = (
				935F6A482069EB2D007EEE4D /* LaunchScreen.storyboard in Resources */,
				935F6A452069EB2D007EEE4D /* Assets.xcassets in Resources */,
				935F6A5C206A193B007EEE4D /* 今生今世遥不可及.mp3 in Resources */,
				935F6A432069EB2D007EEE4D /* Main.storyboard in Resources */,
			);
			runOnlyForDeploymentPostprocessing = 0;
		};
/* End PBXResourcesBuildPhase section */

/* Begin PBXSourcesBuildPhase section */
		935F6A342069EB2D007EEE4D /* Sources */ = {
			isa = PBXSourcesBuildPhase;
			buildActionMask = 2147483647;
			files = (
				935F6A5F206A214A007EEE4D /* WTMusicPlayNode.m in Sources */,
				935F6A402069EB2D007EEE4D /* ViewController.m in Sources */,
				935F6A4B2069EB2D007EEE4D /* main.m in Sources */,
				935F6A3D2069EB2D007EEE4D /* AppDelegate.m in Sources */,
			);
			runOnlyForDeploymentPostprocessing = 0;
		};
/* End PBXSourcesBuildPhase section */

/* Begin PBXVariantGroup section */
		935F6A412069EB2D007EEE4D /* Main.storyboard */ = {
			isa = PBXVariantGroup;
			children = (
				935F6A422069EB2D007EEE4D /* Base */,
			);
			name = Main.storyboard;
			sourceTree = "<group>";
		};
		935F6A462069EB2D007EEE4D /* LaunchScreen.storyboard */ = {
			isa = PBXVariantGroup;
			children = (
				935F6A472069EB2D007EEE4D /* Base */,
			);
			name = LaunchScreen.storyboard;
			sourceTree = "<group>";
		};
/* End PBXVariantGroup section */

/* Begin XCBuildConfiguration section */
		935F6A4C2069EB2D007EEE4D /* Debug */ = {
			isa = XCBuildConfiguration;
			buildSettings = {
				ALWAYS_SEARCH_USER_PATHS = NO;
				CLANG_ANALYZER_NONNULL = YES;
				CLANG_ANALYZER_NUMBER_OBJECT_CONVERSION = YES_AGGRESSIVE;
				CLANG_CXX_LANGUAGE_STANDARD = "gnu++14";
				CLANG_CXX_LIBRARY = "libc++";
				CLANG_ENABLE_MODULES = YES;
				CLANG_ENABLE_OBJC_ARC = YES;
				CLANG_WARN_BLOCK_CAPTURE_AUTORELEASING = YES;
				CLANG_WARN_BOOL_CONVERSION = YES;
				CLANG_WARN_COMMA = YES;
				CLANG_WARN_CONSTANT_CONVERSION = YES;
				CLANG_WARN_DIRECT_OBJC_ISA_USAGE = YES_ERROR;
				CLANG_WARN_DOCUMENTATION_COMMENTS = YES;
				CLANG_WARN_EMPTY_BODY = YES;
				CLANG_WARN_ENUM_CONVERSION = YES;
				CLANG_WARN_INFINITE_RECURSION = YES;
				CLANG_WARN_INT_CONVERSION = YES;
				CLANG_WARN_NON_LITERAL_NULL_CONVERSION = YES;
				CLANG_WARN_OBJC_LITERAL_CONVERSION = YES;
				CLANG_WARN_OBJC_ROOT_CLASS = YES_ERROR;
				CLANG_WARN_RANGE_LOOP_ANALYSIS = YES;
				CLANG_WARN_STRICT_PROTOTYPES = YES;
				CLANG_WARN_SUSPICIOUS_MOVE = YES;
				CLANG_WARN_UNGUARDED_AVAILABILITY = YES_AGGRESSIVE;
				CLANG_WARN_UNREACHABLE_CODE = YES;
				CLANG_WARN__DUPLICATE_METHOD_MATCH = YES;
				CODE_SIGN_IDENTITY = "iPhone Developer";
				COPY_PHASE_STRIP = NO;
				DEBUG_INFORMATION_FORMAT = dwarf;
				ENABLE_STRICT_OBJC_MSGSEND = YES;
				ENABLE_TESTABILITY = YES;
				GCC_C_LANGUAGE_STANDARD = gnu11;
				GCC_DYNAMIC_NO_PIC = NO;
				GCC_NO_COMMON_BLOCKS = YES;
				GCC_OPTIMIZATION_LEVEL = 0;
				GCC_PREPROCESSOR_DEFINITIONS = (
					"DEBUG=1",
					"$(inherited)",
				);
				GCC_WARN_64_TO_32_BIT_CONVERSION = YES;
				GCC_WARN_ABOUT_RETURN_TYPE = YES_ERROR;
				GCC_WARN_UNDECLARED_SELECTOR = YES;
				GCC_WARN_UNINITIALIZED_AUTOS = YES_AGGRESSIVE;
				GCC_WARN_UNUSED_FUNCTION = YES;
				GCC_WARN_UNUSED_VARIABLE = YES;
				IPHONEOS_DEPLOYMENT_TARGET = 11.2;
				MTL_ENABLE_DEBUG_INFO = YES;
				ONLY_ACTIVE_ARCH = YES;
				SDKROOT = iphoneos;
			};
			name = Debug;
		};
		935F6A4D2069EB2D007EEE4D /* Release */ = {
			isa = XCBuildConfiguration;
			buildSettings = {
				ALWAYS_SEARCH_USER_PATHS = NO;
				CLANG_ANALYZER_NONNULL = YES;
				CLANG_ANALYZER_NUMBER_OBJECT_CONVERSION = YES_AGGRESSIVE;
				CLANG_CXX_LANGUAGE_STANDARD = "gnu++14";
				CLANG_CXX_LIBRARY = "libc++";
				CLANG_ENABLE_MODULES = YES;
				CLANG_ENABLE_OBJC_ARC = YES;
				CLANG_WARN_BLOCK_CAPTURE_AUTORELEASING = YES;
				CLANG_WARN_BOOL_CONVERSION = YES;
				CLANG_WARN_COMMA = YES;
				CLANG_WARN_CONSTANT_CONVERSION = YES;
				CLANG_WARN_DIRECT_OBJC_ISA_USAGE = YES_ERROR;
				CLANG_WARN_DOCUMENTATION_COMMENTS = YES;
				CLANG_WARN_EMPTY_BODY = YES;
				CLANG_WARN_ENUM_CONVERSION = YES;
				CLANG_WARN_INFINITE_RECURSION = YES;
				CLANG_WARN_INT_CONVERSION = YES;
				CLANG_WARN_NON_LITERAL_NULL_CONVERSION = YES;
				CLANG_WARN_OBJC_LITERAL_CONVERSION = YES;
				CLANG_WARN_OBJC_ROOT_CLASS = YES_ERROR;
				CLANG_WARN_RANGE_LOOP_ANALYSIS = YES;
				CLANG_WARN_STRICT_PROTOTYPES = YES;
				CLANG_WARN_SUSPICIOUS_MOVE = YES;
				CLANG_WARN_UNGUARDED_AVAILABILITY = YES_AGGRESSIVE;
				CLANG_WARN_UNREACHABLE_CODE = YES;
				CLANG_WARN__DUPLICATE_METHOD_MATCH = YES;
				CODE_SIGN_IDENTITY = "iPhone Developer";
				COPY_PHASE_STRIP = NO;
				DEBUG_INFORMATION_FORMAT = "dwarf-with-dsym";
				ENABLE_NS_ASSERTIONS = NO;
				ENABLE_STRICT_OBJC_MSGSEND = YES;
				GCC_C_LANGUAGE_STANDARD = gnu11;
				GCC_NO_COMMON_BLOCKS = YES;
				GCC_WARN_64_TO_32_BIT_CONVERSION = YES;
				GCC_WARN_ABOUT_RETURN_TYPE = YES_ERROR;
				GCC_WARN_UNDECLARED_SELECTOR = YES;
				GCC_WARN_UNINITIALIZED_AUTOS = YES_AGGRESSIVE;
				GCC_WARN_UNUSED_FUNCTION = YES;
				GCC_WARN_UNUSED_VARIABLE = YES;
				IPHONEOS_DEPLOYMENT_TARGET = 11.2;
				MTL_ENABLE_DEBUG_INFO = NO;
				SDKROOT = iphoneos;
				VALIDATE_PRODUCT = YES;
			};
			name = Release;
		};
		935F6A4F2069EB2D007EEE4D /* Debug */ = {
			isa = XCBuildConfiguration;
			buildSettings = {
				ASSETCATALOG_COMPILER_APPICON_NAME = AppIcon;
				CODE_SIGN_STYLE = Manual;
				DEVELOPMENT_TEAM = Y4FK8UXDXW;
				INFOPLIST_FILE = SceneKitStudyOne/Info.plist;
				IPHONEOS_DEPLOYMENT_TARGET = 10.1;
				LD_RUNPATH_SEARCH_PATHS = "$(inherited) @executable_path/Frameworks";
				PRODUCT_BUNDLE_IDENTIFIER = wangtao.SceneKitStudyOne;
				PRODUCT_NAME = "$(TARGET_NAME)";
				PROVISIONING_PROFILE = "bdc12bb6-856e-4b7d-b6fb-79cc54f41bb2";
				PROVISIONING_PROFILE_SPECIFIER = "PP For All";
				TARGETED_DEVICE_FAMILY = "1,2";
			};
			name = Debug;
		};
		935F6A502069EB2D007EEE4D /* Release */ = {
			isa = XCBuildConfiguration;
			buildSettings = {
				ASSETCATALOG_COMPILER_APPICON_NAME = AppIcon;
				CODE_SIGN_STYLE = Manual;
				DEVELOPMENT_TEAM = "";
				INFOPLIST_FILE = SceneKitStudyOne/Info.plist;
				IPHONEOS_DEPLOYMENT_TARGET = 10.1;
				LD_RUNPATH_SEARCH_PATHS = "$(inherited) @executable_path/Frameworks";
				PRODUCT_BUNDLE_IDENTIFIER = wangtao.SceneKitStudyOne;
				PRODUCT_NAME = "$(TARGET_NAME)";
				PROVISIONING_PROFILE_SPECIFIER = "";
				TARGETED_DEVICE_FAMILY = "1,2";
			};
			name = Release;
		};
/* End XCBuildConfiguration section */

/* Begin XCConfigurationList section */
		935F6A332069EB2D007EEE4D /* Build configuration list for PBXProject "SceneKitStudyOne" */ = {
			isa = XCConfigurationList;
			buildConfigurations = (
				935F6A4C2069EB2D007EEE4D /* Debug */,
				935F6A4D2069EB2D007EEE4D /* Release */,
			);
			defaultConfigurationIsVisible = 0;
			defaultConfigurationName = Release;
		};
		935F6A4E2069EB2D007EEE4D /* Build configuration list for PBXNativeTarget "SceneKitStudyOne" */ = {
			isa = XCConfigurationList;
			buildConfigurations = (
				935F6A4F2069EB2D007EEE4D /* Debug */,
				935F6A502069EB2D007EEE4D /* Release */,
			);
			defaultConfigurationIsVisible = 0;
			defaultConfigurationName = Release;
		};
/* End XCConfigurationList section */
	};
	rootObject = 935F6A302069EB2D007EEE4D /* Project object */;
}
